// !$*UTF8*$!
{
	archiveVersion = 1;
	classes = {
	};
	objectVersion = 56;
	objects = {

/* Begin PBXBuildFile section */
		6A732D162F0EB98E009350EC /* Poof_App.swift in Sources */ = {isa = PBXBuildFile; fileRef = 6A732D152F0EB98E009350EC /* Poof_App.swift */; };
		6A732D182F0EB98E009350EC /* ContentView.swift in Sources */ = {isa = PBXBuildFile; fileRef = 6A732D172F0EB98E009350EC /* ContentView.swift */; };
		6A732D1A2F0EB990009350EC /* Assets.xcassets in Resources */ = {isa = PBXBuildFile; fileRef = 6A732D192F0EB990009350EC /* Assets.xcassets */; };
		6A732D1D2F0EB990009350EC /* Preview Assets.xcassets in Resources */ = {isa = PBXBuildFile; fileRef = 6A732D1C2F0EB990009350EC /* Preview Assets.xcassets */; };
		6A732D262F0EBA22009350EC /* AppDelegate.swift in Sources */ = {isa = PBXBuildFile; fileRef = 6A732D252F0EBA22009350EC /* AppDelegate.swift */; };
		6A732D282F0EBA38009350EC /* DockMonitor.swift in Sources */ = {isa = PBXBuildFile; fileRef = 6A732D272F0EBA38009350EC /* DockMonitor.swift */; };
		6A732D2A2F0EBA4A009350EC /* MenuBarController.swift in Sources */ = {isa = PBXBuildFile; fileRef = 6A732D292F0EBA4A009350EC /* MenuBarController.swift */; };
		6A732D2C2F0EBA59009350EC /* PoofWindow.swift in Sources */ = {isa = PBXBuildFile; fileRef = 6A732D2B2F0EBA59009350EC /* PoofWindow.swift */; };
/* End PBXBuildFile section */

/* Begin PBXFileReference section */
		6A732D122F0EB98E009350EC /* Poof!.app */ = {isa = PBXFileReference; explicitFileType = wrapper.application; includeInIndex = 0; path = "Poof!.app"; sourceTree = BUILT_PRODUCTS_DIR; };
		6A732D152F0EB98E009350EC /* Poof_App.swift */ = {isa = PBXFileReference; lastKnownFileType = sourcecode.swift; path = Poof_App.swift; sourceTree = "<group>"; };
		6A732D172F0EB98E009350EC /* ContentView.swift */ = {isa = PBXFileReference; lastKnownFileType = sourcecode.swift; path = ContentView.swift; sourceTree = "<group>"; };
		6A732D192F0EB990009350EC /* Assets.xcassets */ = {isa = PBXFileReference; lastKnownFileType = folder.assetcatalog; path = Assets.xcassets; sourceTree = "<group>"; };
		6A732D1C2F0EB990009350EC /* Preview Assets.xcassets */ = {isa = PBXFileReference; lastKnownFileType = folder.assetcatalog; path = "Preview Assets.xcassets"; sourceTree = "<group>"; };
		6A732D1E2F0EB990009350EC /* Poof_.entitlements */ = {isa = PBXFileReference; lastKnownFileType = text.plist.entitlements; path = Poof_.entitlements; sourceTree = "<group>"; };
		6A732D242F0EB9EF009350EC /* Poof--Info.plist */ = {isa = PBXFileReference; lastKnownFileType = text.plist; path = "Poof--Info.plist"; sourceTree = SOURCE_ROOT; };
		6A732D252F0EBA22009350EC /* AppDelegate.swift */ = {isa = PBXFileReference; lastKnownFileType = sourcecode.swift; path = AppDelegate.swift; sourceTree = "<group>"; };
		6A732D272F0EBA38009350EC /* DockMonitor.swift */ = {isa = PBXFileReference; lastKnownFileType = sourcecode.swift; path = DockMonitor.swift; sourceTree = "<group>"; };
		6A732D292F0EBA4A009350EC /* MenuBarController.swift */ = {isa = PBXFileReference; lastKnownFileType = sourcecode.swift; path = MenuBarController.swift; sourceTree = "<group>"; };
		6A732D2B2F0EBA59009350EC /* PoofWindow.swift */ = {isa = PBXFileReference; lastKnownFileType = sourcecode.swift; path = PoofWindow.swift; sourceTree = "<group>"; };
/* End PBXFileReference section */

/* Begin PBXFrameworksBuildPhase section */
		6A732D0F2F0EB98E009350EC /* Frameworks */ = {
			isa = PBXFrameworksBuildPhase;
			buildActionMask = 2147483647;
			files = (
			);
			runOnlyForDeploymentPostprocessing = 0;
		};
/* End PBXFrameworksBuildPhase section */

/* Begin PBXGroup section */
		6A732D092F0EB98E009350EC = {
			isa = PBXGroup;
			children = (
				6A732D142F0EB98E009350EC /* Poof! */,
				6A732D132F0EB98E009350EC /* Products */,
			);
			sourceTree = "<group>";
		};
		6A732D132F0EB98E009350EC /* Products */ = {
			isa = PBXGroup;
			children = (
				6A732D122F0EB98E009350EC /* Poof!.app */,
			);
			name = Products;
			sourceTree = "<group>";
		};
		6A732D142F0EB98E009350EC /* Poof! */ = {
			isa = PBXGroup;
			children = (
				6A732D252F0EBA22009350EC /* AppDelegate.swift */,
				6A732D192F0EB990009350EC /* Assets.xcassets */,
				6A732D172F0EB98E009350EC /* ContentView.swift */,
				6A732D272F0EBA38009350EC /* DockMonitor.swift */,
				6A732D292F0EBA4A009350EC /* MenuBarController.swift */,
				6A732D1E2F0EB990009350EC /* Poof_.entitlements */,
				6A732D152F0EB98E009350EC /* Poof_App.swift */,
				6A732D242F0EB9EF009350EC /* Poof--Info.plist */,
				6A732D2B2F0EBA59009350EC /* PoofWindow.swift */,
				6A732D1B2F0EB990009350EC /* Preview Content */,
			);
			path = "Poof!";
			sourceTree = "<group>";
		};
		6A732D1B2F0EB990009350EC /* Preview Content */ = {
			isa = PBXGroup;
			children = (
				6A732D1C2F0EB990009350EC /* Preview Assets.xcassets */,
			);
			path = "Preview Content";
			sourceTree = "<group>";
		};
/* End PBXGroup section */

/* Begin PBXNativeTarget section */
		6A732D112F0EB98E009350EC /* Poof! */ = {
			isa = PBXNativeTarget;
			buildConfigurationList = 6A732D212F0EB990009350EC /* Build configuration list for PBXNativeTarget "Poof!" */;
			buildPhases = (
				6A732D0E2F0EB98E009350EC /* Sources */,
				6A732D0F2F0EB98E009350EC /* Frameworks */,
				6A732D102F0EB98E009350EC /* Resources */,
			);
			buildRules = (
			);
			dependencies = (
			);
			name = "Poof!";
			productName = "Poof!";
			productReference = 6A732D122F0EB98E009350EC /* Poof!.app */;
			productType = "com.apple.product-type.application";
		};
/* End PBXNativeTarget section */

/* Begin PBXProject section */
		6A732D0A2F0EB98E009350EC /* Project object */ = {
			isa = PBXProject;
			attributes = {
				BuildIndependentTargetsInParallel = 1;
				LastSwiftUpdateCheck = 1420;
				LastUpgradeCheck = 1420;
				TargetAttributes = {
					6A732D112F0EB98E009350EC = {
						CreatedOnToolsVersion = 14.2;
					};
				};
			};
			buildConfigurationList = 6A732D0D2F0EB98E009350EC /* Build configuration list for PBXProject "Poof!" */;
			compatibilityVersion = "Xcode 14.0";
			developmentRegion = en;
			hasScannedForEncodings = 0;
			knownRegions = (
				en,
				Base,
			);
			mainGroup = 6A732D092F0EB98E009350EC;
			productRefGroup = 6A732D132F0EB98E009350EC /* Products */;
			projectDirPath = "";
			projectRoot = "";
			targets = (
				6A732D112F0EB98E009350EC /* Poof! */,
			);
		};
/* End PBXProject section */

/* Begin PBXResourcesBuildPhase section */
		6A732D102F0EB98E009350EC /* Resources */ = {
			isa = PBXResourcesBuildPhase;
			buildActionMask = 2147483647;
			files = (
				6A732D1D2F0EB990009350EC /* Preview Assets.xcassets in Resources */,
				6A732D1A2F0EB990009350EC /* Assets.xcassets in Resources */,
			);
			runOnlyForDeploymentPostprocessing = 0;
		};
/* End PBXResourcesBuildPhase section */

/* Begin PBXSourcesBuildPhase section */
		6A732D0E2F0EB98E009350EC /* Sources */ = {
			isa = PBXSourcesBuildPhase;
			buildActionMask = 2147483647;
			files = (
				6A732D262F0EBA22009350EC /* AppDelegate.swift in Sources */,
				6A732D282F0EBA38009350EC /* DockMonitor.swift in Sources */,
				6A732D182F0EB98E009350EC /* ContentView.swift in Sources */,
				6A732D162F0EB98E009350EC /* Poof_App.swift in Sources */,
				6A732D2A2F0EBA4A009350EC /* MenuBarController.swift in Sources */,
				6A732D2C2F0EBA59009350EC /* PoofWindow.swift in Sources */,
			);
			runOnlyForDeploymentPostprocessing = 0;
		};
/* End PBXSourcesBuildPhase section */

/* Begin XCBuildConfiguration section */
		6A732D1F2F0EB990009350EC /* Debug */ = {
			isa = XCBuildConfiguration;
			buildSettings = {
				ALWAYS_SEARCH_USER_PATHS = NO;
				CLANG_ANALYZER_NONNULL = YES;
				CLANG_ANALYZER_NUMBER_OBJECT_CONVERSION = YES_AGGRESSIVE;
				CLANG_CXX_LANGUAGE_STANDARD = "gnu++20";
				CLANG_ENABLE_MODULES = YES;
				CLANG_ENABLE_OBJC_ARC = YES;
				CLANG_ENABLE_OBJC_WEAK = YES;
				CLANG_WARN_BLOCK_CAPTURE_AUTORELEASING = YES;
				CLANG_WARN_BOOL_CONVERSION = YES;
				CLANG_WARN_COMMA = YES;
				CLANG_WARN_CONSTANT_CONVERSION = YES;
				CLANG_WARN_DEPRECATED_OBJC_IMPLEMENTATIONS = YES;
				CLANG_WARN_DIRECT_OBJC_ISA_USAGE = YES_ERROR;
				CLANG_WARN_DOCUMENTATION_COMMENTS = YES;
				CLANG_WARN_EMPTY_BODY = YES;
				CLANG_WARN_ENUM_CONVERSION = YES;
				CLANG_WARN_INFINITE_RECURSION = YES;
				CLANG_WARN_INT_CONVERSION = YES;
				CLANG_WARN_NON_LITERAL_NULL_CONVERSION = YES;
				CLANG_WARN_OBJC_IMPLICIT_RETAIN_SELF = YES;
				CLANG_WARN_OBJC_LITERAL_CONVERSION = YES;
				CLANG_WARN_OBJC_ROOT_CLASS = YES_ERROR;
				CLANG_WARN_QUOTED_INCLUDE_IN_FRAMEWORK_HEADER = YES;
				CLANG_WARN_RANGE_LOOP_ANALYSIS = YES;
				CLANG_WARN_STRICT_PROTOTYPES = YES;
				CLANG_WARN_SUSPICIOUS_MOVE = YES;
				CLANG_WARN_UNGUARDED_AVAILABILITY = YES_AGGRESSIVE;
				CLANG_WARN_UNREACHABLE_CODE = YES;
				CLANG_WARN__DUPLICATE_METHOD_MATCH = YES;
				COPY_PHASE_STRIP = NO;
				DEBUG_INFORMATION_FORMAT = dwarf;
				ENABLE_STRICT_OBJC_MSGSEND = YES;
				ENABLE_TESTABILITY = YES;
				GCC_C_LANGUAGE_STANDARD = gnu11;
				GCC_DYNAMIC_NO_PIC = NO;
				GCC_NO_COMMON_BLOCKS = YES;
				GCC_OPTIMIZATION_LEVEL = 0;
				GCC_PREPROCESSOR_DEFINITIONS = (
					"DEBUG=1",
					"$(inherited)",
				);
				GCC_WARN_64_TO_32_BIT_CONVERSION = YES;
				GCC_WARN_ABOUT_RETURN_TYPE = YES_ERROR;
				GCC_WARN_UNDECLARED_SELECTOR = YES;
				GCC_WARN_UNINITIALIZED_AUTOS = YES_AGGRESSIVE;
				GCC_WARN_UNUSED_FUNCTION = YES;
				GCC_WARN_UNUSED_VARIABLE = YES;
				MACOSX_DEPLOYMENT_TARGET = 12.7;
				MTL_ENABLE_DEBUG_INFO = INCLUDE_SOURCE;
				MTL_FAST_MATH = YES;
				ONLY_ACTIVE_ARCH = YES;
				SDKROOT = macosx;
				SWIFT_ACTIVE_COMPILATION_CONDITIONS = DEBUG;
				SWIFT_OPTIMIZATION_LEVEL = "-Onone";
			};
			name = Debug;
		};
		6A732D202F0EB990009350EC /* Release */ = {
			isa = XCBuildConfiguration;
			buildSettings = {
				ALWAYS_SEARCH_USER_PATHS = NO;
				CLANG_ANALYZER_NONNULL = YES;
				CLANG_ANALYZER_NUMBER_OBJECT_CONVERSION = YES_AGGRESSIVE;
				CLANG_CXX_LANGUAGE_STANDARD = "gnu++20";
				CLANG_ENABLE_MODULES = YES;
				CLANG_ENABLE_OBJC_ARC = YES;
				CLANG_ENABLE_OBJC_WEAK = YES;
				CLANG_WARN_BLOCK_CAPTURE_AUTORELEASING = YES;
				CLANG_WARN_BOOL_CONVERSION = YES;
				CLANG_WARN_COMMA = YES;
				CLANG_WARN_CONSTANT_CONVERSION = YES;
				CLANG_WARN_DEPRECATED_OBJC_IMPLEMENTATIONS = YES;
				CLANG_WARN_DIRECT_OBJC_ISA_USAGE = YES_ERROR;
				CLANG_WARN_DOCUMENTATION_COMMENTS = YES;
				CLANG_WARN_EMPTY_BODY = YES;
				CLANG_WARN_ENUM_CONVERSION = YES;
				CLANG_WARN_INFINITE_RECURSION = YES;
				CLANG_WARN_INT_CONVERSION = YES;
				CLANG_WARN_NON_LITERAL_NULL_CONVERSION = YES;
				CLANG_WARN_OBJC_IMPLICIT_RETAIN_SELF = YES;
				CLANG_WARN_OBJC_LITERAL_CONVERSION = YES;
				CLANG_WARN_OBJC_ROOT_CLASS = YES_ERROR;
				CLANG_WARN_QUOTED_INCLUDE_IN_FRAMEWORK_HEADER = YES;
				CLANG_WARN_RANGE_LOOP_ANALYSIS = YES;
				CLANG_WARN_STRICT_PROTOTYPES = YES;
				CLANG_WARN_SUSPICIOUS_MOVE = YES;
				CLANG_WARN_UNGUARDED_AVAILABILITY = YES_AGGRESSIVE;
				CLANG_WARN_UNREACHABLE_CODE = YES;
				CLANG_WARN__DUPLICATE_METHOD_MATCH = YES;
				COPY_PHASE_STRIP = NO;
				DEBUG_INFORMATION_FORMAT = "dwarf-with-dsym";
				ENABLE_NS_ASSERTIONS = NO;
				ENABLE_STRICT_OBJC_MSGSEND = YES;
				GCC_C_LANGUAGE_STANDARD = gnu11;
				GCC_NO_COMMON_BLOCKS = YES;
				GCC_WARN_64_TO_32_BIT_CONVERSION = YES;
				GCC_WARN_ABOUT_RETURN_TYPE = YES_ERROR;
				GCC_WARN_UNDECLARED_SELECTOR = YES;
				GCC_WARN_UNINITIALIZED_AUTOS = YES_AGGRESSIVE;
				GCC_WARN_UNUSED_FUNCTION = YES;
				GCC_WARN_UNUSED_VARIABLE = YES;
				MACOSX_DEPLOYMENT_TARGET = 12.7;
				MTL_ENABLE_DEBUG_INFO = NO;
				MTL_FAST_MATH = YES;
				SDKROOT = macosx;
				SWIFT_COMPILATION_MODE = wholemodule;
				SWIFT_OPTIMIZATION_LEVEL = "-O";
			};
			name = Release;
		};
		6A732D222F0EB990009350EC /* Debug */ = {
			isa = XCBuildConfiguration;
			buildSettings = {
				ASSETCATALOG_COMPILER_APPICON_NAME = AppIcon;
				ASSETCATALOG_COMPILER_GLOBAL_ACCENT_COLOR_NAME = AccentColor;
				CODE_SIGN_ENTITLEMENTS = "Poof!/Poof_.entitlements";
				CODE_SIGN_STYLE = Automatic;
				COMBINE_HIDPI_IMAGES = YES;
				CURRENT_PROJECT_VERSION = 2;
				DEVELOPMENT_ASSET_PATHS = "\"Poof!/Preview Content\"";
				DEVELOPMENT_TEAM = N9Z25H5L44;
				ENABLE_HARDENED_RUNTIME = YES;
				ENABLE_PREVIEWS = YES;
				GENERATE_INFOPLIST_FILE = YES;
				INFOPLIST_FILE = "Poof--Info.plist";
				INFOPLIST_KEY_CFBundleDisplayName = "Poof!";
				INFOPLIST_KEY_LSApplicationCategoryType = "public.app-category.utilities";
				INFOPLIST_KEY_NSHumanReadableCopyright = "";
				LD_RUNPATH_SEARCH_PATHS = (
					"$(inherited)",
					"@executable_path/../Frameworks",
				);
				MACOSX_DEPLOYMENT_TARGET = 11.5;
				MARKETING_VERSION = 1.1;
				PRODUCT_BUNDLE_IDENTIFIER = "com.leonardomunarolo.Poof-";
				PRODUCT_NAME = "$(TARGET_NAME)";
				SWIFT_EMIT_LOC_STRINGS = YES;
				SWIFT_VERSION = 5.0;
			};
			name = Debug;
		};
		6A732D232F0EB990009350EC /* Release */ = {
			isa = XCBuildConfiguration;
			buildSettings = {
				ASSETCATALOG_COMPILER_APPICON_NAME = AppIcon;
				ASSETCATALOG_COMPILER_GLOBAL_ACCENT_COLOR_NAME = AccentColor;
				CODE_SIGN_ENTITLEMENTS = "Poof!/Poof_.entitlements";
				CODE_SIGN_STYLE = Automatic;
				COMBINE_HIDPI_IMAGES = YES;
				CURRENT_PROJECT_VERSION = 2;
				DEVELOPMENT_ASSET_PATHS = "\"Poof!/Preview Content\"";
				DEVELOPMENT_TEAM = N9Z25H5L44;
				ENABLE_HARDENED_RUNTIME = YES;
				ENABLE_PREVIEWS = YES;
				GENERATE_INFOPLIST_FILE = YES;
				INFOPLIST_FILE = "Poof--Info.plist";
				INFOPLIST_KEY_CFBundleDisplayName = "Poof!";
				INFOPLIST_KEY_LSApplicationCategoryType = "public.app-category.utilities";
				INFOPLIST_KEY_NSHumanReadableCopyright = "";
				LD_RUNPATH_SEARCH_PATHS = (
					"$(inherited)",
					"@executable_path/../Frameworks",
				);
				MACOSX_DEPLOYMENT_TARGET = 11.5;
				MARKETING_VERSION = 1.1;
				PRODUCT_BUNDLE_IDENTIFIER = "com.leonardomunarolo.Poof-";
				PRODUCT_NAME = "$(TARGET_NAME)";
				SWIFT_EMIT_LOC_STRINGS = YES;
				SWIFT_VERSION = 5.0;
			};
			name = Release;
		};
/* End XCBuildConfiguration section */

/* Begin XCConfigurationList section */
		6A732D0D2F0EB98E009350EC /* Build configuration list for PBXProject "Poof!" */ = {
			isa = XCConfigurationList;
			buildConfigurations = (
				6A732D1F2F0EB990009350EC /* Debug */,
				6A732D202F0EB990009350EC /* Release */,
			);
			defaultConfigurationIsVisible = 0;
			defaultConfigurationName = Release;
		};
		6A732D212F0EB990009350EC /* Build configuration list for PBXNativeTarget "Poof!" */ = {
			isa = XCConfigurationList;
			buildConfigurations = (
				6A732D222F0EB990009350EC /* Debug */,
				6A732D232F0EB990009350EC /* Release */,
			);
			defaultConfigurationIsVisible = 0;
			defaultConfigurationName = Release;
		};
/* End XCConfigurationList section */
	};
	rootObject = 6A732D0A2F0EB98E009350EC /* Project object */;
}
